
Microsoft Visual Studio Solution File, Format Version 12.00
# Visual Studio Version 17
VisualStudioVersion = 17.7.34024.191
MinimumVisualStudioVersion = 10.0.40219.1
Project("{9A19103F-16F7-4668-BE54-9A1E7A4F7556}") = "InterviewAPI", "InterviewAPI\InterviewAPI.csproj", "{485E0E66-3043-47FB-B93B-00E15925A71F}"
EndProject
Project("{FAE04EC0-301F-11D3-BF4B-00C04F79EFBC}") = "Test.Interviw.xUnit", "Test.Interviw.xUnit\Test.Interviw.xUnit.csproj", "{BFD92842-D153-46E3-B2BD-81AC624B6299}"
EndProject
Global
	GlobalSection(SolutionConfigurationPlatforms) = preSolution
		Debug|Any CPU = Debug|Any CPU
		Release|Any CPU = Release|Any CPU
	EndGlobalSection
	GlobalSection(ProjectConfigurationPlatforms) = postSolution
		{485E0E66-3043-47FB-B93B-00E15925A71F}.Debug|Any CPU.ActiveCfg = Debug|Any CPU
		{485E0E66-3043-47FB-B93B-00E15925A71F}.Debug|Any CPU.Build.0 = Debug|Any CPU
		{485E0E66-3043-47FB-B93B-00E15925A71F}.Release|Any CPU.ActiveCfg = Release|Any CPU
		{485E0E66-3043-47FB-B93B-00E15925A71F}.Release|Any CPU.Build.0 = Release|Any CPU
		{BFD92842-D153-46E3-B2BD-81AC624B6299}.Debug|Any CPU.ActiveCfg = Debug|Any CPU
		{BFD92842-D153-46E3-B2BD-81AC624B6299}.Debug|Any CPU.Build.0 = Debug|Any CPU
		{BFD92842-D153-46E3-B2BD-81AC624B6299}.Release|Any CPU.ActiveCfg = Release|Any CPU
		{BFD92842-D153-46E3-B2BD-81AC624B6299}.Release|Any CPU.Build.0 = Release|Any CPU
	EndGlobalSection
	GlobalSection(SolutionProperties) = preSolution
		HideSolutionNode = FALSE
	EndGlobalSection
	GlobalSection(ExtensibilityGlobals) = postSolution
		SolutionGuid = {B38A5809-D621-4EE8-A19F-309ADD0B23EB}
	EndGlobalSection
EndGlobal
